
Microsoft Visual Studio Solution File, Format Version 12.00
# Visual Studio 2013
VisualStudioVersion = 12.0.31101.0
MinimumVisualStudioVersion = 10.0.40219.1
Project("{FAE04EC0-301F-11D3-BF4B-00C04F79EFBC}") = "Problem3_LaptopShop", "Problem3_LaptopShop\Problem3_LaptopShop.csproj", "{D289E6AF-3C73-4844-8647-DF852C5AC7B6}"
EndProject
Project("{FAE04EC0-301F-11D3-BF4B-00C04F79EFBC}") = "Problem2_People", "Problem2_People\Problem2_People.csproj", "{0B3CE817-5868-4753-851A-68F505A2A4F6}"
EndProject
Project("{FAE04EC0-301F-11D3-BF4B-00C04F79EFBC}") = "Problem4_PCCatalaog", "Problem4_PCCatalaog\Problem4_PCCatalaog.csproj", "{2CD92792-8300-4197-A017-F79E0D14B6FB}"
EndProject
Global
	GlobalSection(SolutionConfigurationPlatforms) = preSolution
		Debug|Any CPU = Debug|Any CPU
		Release|Any CPU = Release|Any CPU
	EndGlobalSection
	GlobalSection(ProjectConfigurationPlatforms) = postSolution
		{D289E6AF-3C73-4844-8647-DF852C5AC7B6}.Debug|Any CPU.ActiveCfg = Debug|Any CPU
		{D289E6AF-3C73-4844-8647-DF852C5AC7B6}.Debug|Any CPU.Build.0 = Debug|Any CPU
		{D289E6AF-3C73-4844-8647-DF852C5AC7B6}.Release|Any CPU.ActiveCfg = Release|Any CPU
		{D289E6AF-3C73-4844-8647-DF852C5AC7B6}.Release|Any CPU.Build.0 = Release|Any CPU
		{0B3CE817-5868-4753-851A-68F505A2A4F6}.Debug|Any CPU.ActiveCfg = Debug|Any CPU
		{0B3CE817-5868-4753-851A-68F505A2A4F6}.Debug|Any CPU.Build.0 = Debug|Any CPU
		{0B3CE817-5868-4753-851A-68F505A2A4F6}.Release|Any CPU.ActiveCfg = Release|Any CPU
		{0B3CE817-5868-4753-851A-68F505A2A4F6}.Release|Any CPU.Build.0 = Release|Any CPU
		{2CD92792-8300-4197-A017-F79E0D14B6FB}.Debug|Any CPU.ActiveCfg = Debug|Any CPU
		{2CD92792-8300-4197-A017-F79E0D14B6FB}.Debug|Any CPU.Build.0 = Debug|Any CPU
		{2CD92792-8300-4197-A017-F79E0D14B6FB}.Release|Any CPU.ActiveCfg = Release|Any CPU
		{2CD92792-8300-4197-A017-F79E0D14B6FB}.Release|Any CPU.Build.0 = Release|Any CPU
	EndGlobalSection
	GlobalSection(SolutionProperties) = preSolution
		HideSolutionNode = FALSE
	EndGlobalSection
EndGlobal
