
Microsoft Visual Studio Solution File, Format Version 12.00
# Visual Studio 2013
VisualStudioVersion = 12.0.31101.0
MinimumVisualStudioVersion = 10.0.40219.1
Project("{FAE04EC0-301F-11D3-BF4B-00C04F79EFBC}") = "Problem2_Point3D", "Problem2_Point3D\Problem2_Point3D.csproj", "{38C3C93A-AD26-4B83-8668-ED2DE2BB233B}"
EndProject
Project("{FAE04EC0-301F-11D3-BF4B-00C04F79EFBC}") = "Problem3_DistanceCalculator", "Problem3_DistanceCalculator\Problem3_DistanceCalculator.csproj", "{91004022-C6F0-49ED-BC1E-9194B23DCE26}"
EndProject
Project("{FAE04EC0-301F-11D3-BF4B-00C04F79EFBC}") = "Problem7_Namespaces", "Problem7_Namespaces\Problem7_Namespaces.csproj", "{267FD0B8-A5FF-4001-B968-24E0FE40ADC6}"
EndProject
Global
	GlobalSection(SolutionConfigurationPlatforms) = preSolution
		Debug|Any CPU = Debug|Any CPU
		Release|Any CPU = Release|Any CPU
	EndGlobalSection
	GlobalSection(ProjectConfigurationPlatforms) = postSolution
		{38C3C93A-AD26-4B83-8668-ED2DE2BB233B}.Debug|Any CPU.ActiveCfg = Debug|Any CPU
		{38C3C93A-AD26-4B83-8668-ED2DE2BB233B}.Debug|Any CPU.Build.0 = Debug|Any CPU
		{38C3C93A-AD26-4B83-8668-ED2DE2BB233B}.Release|Any CPU.ActiveCfg = Release|Any CPU
		{38C3C93A-AD26-4B83-8668-ED2DE2BB233B}.Release|Any CPU.Build.0 = Release|Any CPU
		{91004022-C6F0-49ED-BC1E-9194B23DCE26}.Debug|Any CPU.ActiveCfg = Debug|Any CPU
		{91004022-C6F0-49ED-BC1E-9194B23DCE26}.Debug|Any CPU.Build.0 = Debug|Any CPU
		{91004022-C6F0-49ED-BC1E-9194B23DCE26}.Release|Any CPU.ActiveCfg = Release|Any CPU
		{91004022-C6F0-49ED-BC1E-9194B23DCE26}.Release|Any CPU.Build.0 = Release|Any CPU
		{267FD0B8-A5FF-4001-B968-24E0FE40ADC6}.Debug|Any CPU.ActiveCfg = Debug|Any CPU
		{267FD0B8-A5FF-4001-B968-24E0FE40ADC6}.Debug|Any CPU.Build.0 = Debug|Any CPU
		{267FD0B8-A5FF-4001-B968-24E0FE40ADC6}.Release|Any CPU.ActiveCfg = Release|Any CPU
		{267FD0B8-A5FF-4001-B968-24E0FE40ADC6}.Release|Any CPU.Build.0 = Release|Any CPU
	EndGlobalSection
	GlobalSection(SolutionProperties) = preSolution
		HideSolutionNode = FALSE
	EndGlobalSection
EndGlobal
