
Microsoft Visual Studio Solution File, Format Version 12.00
# Visual Studio 2013
VisualStudioVersion = 12.0.31101.0
MinimumVisualStudioVersion = 10.0.40219.1
Project("{FAE04EC0-301F-11D3-BF4B-00C04F79EFBC}") = "Problem4_Animals", "Problem4_Animals\Problem4_Animals.csproj", "{0ED0B651-2329-4B0C-815A-0D3F5A6A5C4B}"
EndProject
Project("{FAE04EC0-301F-11D3-BF4B-00C04F79EFBC}") = "Problem3_HumanStudentWorker", "Problem3_HumanStudentWorker\Problem3_HumanStudentWorker.csproj", "{1A88F3E4-0897-4B8E-B31B-AA3D78A37527}"
EndProject
Project("{FAE04EC0-301F-11D3-BF4B-00C04F79EFBC}") = "Problem2_Shcool", "Problem2_Shcool\Problem2_Shcool.csproj", "{5501AC1B-4FAB-4FF4-940C-3A678783834C}"
EndProject
Project("{FAE04EC0-301F-11D3-BF4B-00C04F79EFBC}") = "Problem5_CompanyHierarchy", "Problem5_CompanyHierarchy\Problem5_CompanyHierarchy.csproj", "{FBF783EA-95E4-4335-8948-FFB96BD3E893}"
EndProject
Global
	GlobalSection(SolutionConfigurationPlatforms) = preSolution
		Debug|Any CPU = Debug|Any CPU
		Release|Any CPU = Release|Any CPU
	EndGlobalSection
	GlobalSection(ProjectConfigurationPlatforms) = postSolution
		{0ED0B651-2329-4B0C-815A-0D3F5A6A5C4B}.Debug|Any CPU.ActiveCfg = Debug|Any CPU
		{0ED0B651-2329-4B0C-815A-0D3F5A6A5C4B}.Debug|Any CPU.Build.0 = Debug|Any CPU
		{0ED0B651-2329-4B0C-815A-0D3F5A6A5C4B}.Release|Any CPU.ActiveCfg = Release|Any CPU
		{0ED0B651-2329-4B0C-815A-0D3F5A6A5C4B}.Release|Any CPU.Build.0 = Release|Any CPU
		{1A88F3E4-0897-4B8E-B31B-AA3D78A37527}.Debug|Any CPU.ActiveCfg = Debug|Any CPU
		{1A88F3E4-0897-4B8E-B31B-AA3D78A37527}.Debug|Any CPU.Build.0 = Debug|Any CPU
		{1A88F3E4-0897-4B8E-B31B-AA3D78A37527}.Release|Any CPU.ActiveCfg = Release|Any CPU
		{1A88F3E4-0897-4B8E-B31B-AA3D78A37527}.Release|Any CPU.Build.0 = Release|Any CPU
		{5501AC1B-4FAB-4FF4-940C-3A678783834C}.Debug|Any CPU.ActiveCfg = Debug|Any CPU
		{5501AC1B-4FAB-4FF4-940C-3A678783834C}.Debug|Any CPU.Build.0 = Debug|Any CPU
		{5501AC1B-4FAB-4FF4-940C-3A678783834C}.Release|Any CPU.ActiveCfg = Release|Any CPU
		{5501AC1B-4FAB-4FF4-940C-3A678783834C}.Release|Any CPU.Build.0 = Release|Any CPU
		{FBF783EA-95E4-4335-8948-FFB96BD3E893}.Debug|Any CPU.ActiveCfg = Debug|Any CPU
		{FBF783EA-95E4-4335-8948-FFB96BD3E893}.Debug|Any CPU.Build.0 = Debug|Any CPU
		{FBF783EA-95E4-4335-8948-FFB96BD3E893}.Release|Any CPU.ActiveCfg = Release|Any CPU
		{FBF783EA-95E4-4335-8948-FFB96BD3E893}.Release|Any CPU.Build.0 = Release|Any CPU
	EndGlobalSection
	GlobalSection(SolutionProperties) = preSolution
		HideSolutionNode = FALSE
	EndGlobalSection
EndGlobal
